{
  "lockfileVersion": 1,
  "workspaces": {
    "": {
      "name": "server",
      "dependencies": {
        "@types/bun": "^1.2.13",
        "graphql": "^16.11.0",
        "graphql-yoga": "^5.13.4",
        "hono": "^4.7.10",
        "octokit": "^4.1.3",
        "typescript": "^5.8.3",
      },
      "devDependencies": {
        "@types/node": "^22.15.18",
      },
    },
  },
  "packages": {
    "@envelop/core": ["@envelop/core@5.2.3", "", { "dependencies": { "@envelop/instrumentation": "^1.0.0", "@envelop/types": "^5.2.1", "@whatwg-node/promise-helpers": "^1.2.4", "tslib": "^2.5.0" } }, "sha512-KfoGlYD/XXQSc3BkM1/k15+JQbkQ4ateHazeZoWl9P71FsLTDXSjGy6j7QqfhpIDSbxNISqhPMfZHYSbDFOofQ=="],

    "@envelop/instrumentation": ["@envelop/instrumentation@1.0.0", "", { "dependencies": { "@whatwg-node/promise-helpers": "^1.2.1", "tslib": "^2.5.0" } }, "sha512-cxgkB66RQB95H3X27jlnxCRNTmPuSTgmBAq6/4n2Dtv4hsk4yz8FadA1ggmd0uZzvKqWD6CR+WFgTjhDqg7eyw=="],

    "@envelop/types": ["@envelop/types@5.2.1", "", { "dependencies": { "@whatwg-node/promise-helpers": "^1.0.0", "tslib": "^2.5.0" } }, "sha512-CsFmA3u3c2QoLDTfEpGr4t25fjMU31nyvse7IzWTvb0ZycuPjMjb0fjlheh+PbhBYb9YLugnT2uY6Mwcg1o+Zg=="],

    "@fastify/busboy": ["@fastify/busboy@3.1.1", "", {}, "sha512-5DGmA8FTdB2XbDeEwc/5ZXBl6UbBAyBOOLlPuBnZ/N1SwdH9Ii+cOX3tBROlDgcTXxjOYnLMVoKk9+FXAw0CJw=="],

    "@graphql-tools/executor": ["@graphql-tools/executor@1.4.7", "", { "dependencies": { "@graphql-tools/utils": "^10.8.6", "@graphql-typed-document-node/core": "^3.2.0", "@repeaterjs/repeater": "^3.0.4", "@whatwg-node/disposablestack": "^0.0.6", "@whatwg-node/promise-helpers": "^1.0.0", "tslib": "^2.4.0" }, "peerDependencies": { "graphql": "^14.0.0 || ^15.0.0 || ^16.0.0 || ^17.0.0" } }, "sha512-U0nK9jzJRP9/9Izf1+0Gggd6K6RNRsheFo1gC/VWzfnsr0qjcOSS9qTjY0OTC5iTPt4tQ+W5Zpw/uc7mebI6aA=="],

    "@graphql-tools/merge": ["@graphql-tools/merge@9.0.24", "", { "dependencies": { "@graphql-tools/utils": "^10.8.6", "tslib": "^2.4.0" }, "peerDependencies": { "graphql": "^14.0.0 || ^15.0.0 || ^16.0.0 || ^17.0.0" } }, "sha512-NzWx/Afl/1qHT3Nm1bghGG2l4jub28AdvtG11PoUlmjcIjnFBJMv4vqL0qnxWe8A82peWo4/TkVdjJRLXwgGEw=="],

    "@graphql-tools/schema": ["@graphql-tools/schema@10.0.23", "", { "dependencies": { "@graphql-tools/merge": "^9.0.24", "@graphql-tools/utils": "^10.8.6", "tslib": "^2.4.0" }, "peerDependencies": { "graphql": "^14.0.0 || ^15.0.0 || ^16.0.0 || ^17.0.0" } }, "sha512-aEGVpd1PCuGEwqTXCStpEkmheTHNdMayiIKH1xDWqYp9i8yKv9FRDgkGrY4RD8TNxnf7iII+6KOBGaJ3ygH95A=="],

    "@graphql-tools/utils": ["@graphql-tools/utils@10.8.6", "", { "dependencies": { "@graphql-typed-document-node/core": "^3.1.1", "@whatwg-node/promise-helpers": "^1.0.0", "cross-inspect": "1.0.1", "dset": "^3.1.4", "tslib": "^2.4.0" }, "peerDependencies": { "graphql": "^14.0.0 || ^15.0.0 || ^16.0.0 || ^17.0.0" } }, "sha512-Alc9Vyg0oOsGhRapfL3xvqh1zV8nKoFUdtLhXX7Ki4nClaIJXckrA86j+uxEuG3ic6j4jlM1nvcWXRn/71AVLQ=="],

    "@graphql-typed-document-node/core": ["@graphql-typed-document-node/core@3.2.0", "", { "peerDependencies": { "graphql": "^0.8.0 || ^0.9.0 || ^0.10.0 || ^0.11.0 || ^0.12.0 || ^0.13.0 || ^14.0.0 || ^15.0.0 || ^16.0.0 || ^17.0.0" } }, "sha512-mB9oAsNCm9aM3/SOv4YtBMqZbYj10R7dkq8byBqxGY/ncFwhf2oQzMV+LCRlWoDSEBJ3COiR1yeDvMtsoOsuFQ=="],

    "@graphql-yoga/logger": ["@graphql-yoga/logger@2.0.1", "", { "dependencies": { "tslib": "^2.8.1" } }, "sha512-Nv0BoDGLMg9QBKy9cIswQ3/6aKaKjlTh87x3GiBg2Z4RrjyrM48DvOOK0pJh1C1At+b0mUIM67cwZcFTDLN4sA=="],

    "@graphql-yoga/subscription": ["@graphql-yoga/subscription@5.0.5", "", { "dependencies": { "@graphql-yoga/typed-event-target": "^3.0.2", "@repeaterjs/repeater": "^3.0.4", "@whatwg-node/events": "^0.1.0", "tslib": "^2.8.1" } }, "sha512-oCMWOqFs6QV96/NZRt/ZhTQvzjkGB4YohBOpKM4jH/lDT4qb7Lex/aGCxpi/JD9njw3zBBtMqxbaC22+tFHVvw=="],

    "@graphql-yoga/typed-event-target": ["@graphql-yoga/typed-event-target@3.0.2", "", { "dependencies": { "@repeaterjs/repeater": "^3.0.4", "tslib": "^2.8.1" } }, "sha512-ZpJxMqB+Qfe3rp6uszCQoag4nSw42icURnBRfFYSOmTgEeOe4rD0vYlbA8spvCu2TlCesNTlEN9BLWtQqLxabA=="],

    "@octokit/app": ["@octokit/app@15.1.6", "", { "dependencies": { "@octokit/auth-app": "^7.2.1", "@octokit/auth-unauthenticated": "^6.1.3", "@octokit/core": "^6.1.5", "@octokit/oauth-app": "^7.1.6", "@octokit/plugin-paginate-rest": "^12.0.0", "@octokit/types": "^14.0.0", "@octokit/webhooks": "^13.6.1" } }, "sha512-WELCamoCJo9SN0lf3SWZccf68CF0sBNPQuLYmZ/n87p5qvBJDe9aBtr5dHkh7T9nxWZ608pizwsUbypSzZAiUw=="],

    "@octokit/auth-app": ["@octokit/auth-app@7.2.1", "", { "dependencies": { "@octokit/auth-oauth-app": "^8.1.4", "@octokit/auth-oauth-user": "^5.1.4", "@octokit/request": "^9.2.3", "@octokit/request-error": "^6.1.8", "@octokit/types": "^14.0.0", "toad-cache": "^3.7.0", "universal-github-app-jwt": "^2.2.0", "universal-user-agent": "^7.0.0" } }, "sha512-4jaopCVOtWN0V8qCx/1s2pkRqC6tcvIQM3kFB99eIpsP53GfsoIKO08D94b83n/V3iGihHmxWR2lXzE0NicUGg=="],

    "@octokit/auth-oauth-app": ["@octokit/auth-oauth-app@8.1.4", "", { "dependencies": { "@octokit/auth-oauth-device": "^7.1.5", "@octokit/auth-oauth-user": "^5.1.4", "@octokit/request": "^9.2.3", "@octokit/types": "^14.0.0", "universal-user-agent": "^7.0.0" } }, "sha512-71iBa5SflSXcclk/OL3lJzdt4iFs56OJdpBGEBl1wULp7C58uiswZLV6TdRaiAzHP1LT8ezpbHlKuxADb+4NkQ=="],

    "@octokit/auth-oauth-device": ["@octokit/auth-oauth-device@7.1.5", "", { "dependencies": { "@octokit/oauth-methods": "^5.1.5", "@octokit/request": "^9.2.3", "@octokit/types": "^14.0.0", "universal-user-agent": "^7.0.0" } }, "sha512-lR00+k7+N6xeECj0JuXeULQ2TSBB/zjTAmNF2+vyGPDEFx1dgk1hTDmL13MjbSmzusuAmuJD8Pu39rjp9jH6yw=="],

    "@octokit/auth-oauth-user": ["@octokit/auth-oauth-user@5.1.4", "", { "dependencies": { "@octokit/auth-oauth-device": "^7.1.5", "@octokit/oauth-methods": "^5.1.5", "@octokit/request": "^9.2.3", "@octokit/types": "^14.0.0", "universal-user-agent": "^7.0.0" } }, "sha512-4tJRofMHm6ZCd3O2PVgboBbQ/lNtacREeaihet0+wCATZmvPK+jjg2K6NjBfY69An3yzQdmkcMeiaOOoxOPr7Q=="],

    "@octokit/auth-token": ["@octokit/auth-token@5.1.2", "", {}, "sha512-JcQDsBdg49Yky2w2ld20IHAlwr8d/d8N6NiOXbtuoPCqzbsiJgF633mVUw3x4mo0H5ypataQIX7SFu3yy44Mpw=="],

    "@octokit/auth-unauthenticated": ["@octokit/auth-unauthenticated@6.1.3", "", { "dependencies": { "@octokit/request-error": "^6.1.8", "@octokit/types": "^14.0.0" } }, "sha512-d5gWJla3WdSl1yjbfMpET+hUSFCE15qM0KVSB0H1shyuJihf/RL1KqWoZMIaonHvlNojkL9XtLFp8QeLe+1iwA=="],

    "@octokit/core": ["@octokit/core@6.1.5", "", { "dependencies": { "@octokit/auth-token": "^5.0.0", "@octokit/graphql": "^8.2.2", "@octokit/request": "^9.2.3", "@octokit/request-error": "^6.1.8", "@octokit/types": "^14.0.0", "before-after-hook": "^3.0.2", "universal-user-agent": "^7.0.0" } }, "sha512-vvmsN0r7rguA+FySiCsbaTTobSftpIDIpPW81trAmsv9TGxg3YCujAxRYp/Uy8xmDgYCzzgulG62H7KYUFmeIg=="],

    "@octokit/endpoint": ["@octokit/endpoint@10.1.4", "", { "dependencies": { "@octokit/types": "^14.0.0", "universal-user-agent": "^7.0.2" } }, "sha512-OlYOlZIsfEVZm5HCSR8aSg02T2lbUWOsCQoPKfTXJwDzcHQBrVBGdGXb89dv2Kw2ToZaRtudp8O3ZIYoaOjKlA=="],

    "@octokit/graphql": ["@octokit/graphql@8.2.2", "", { "dependencies": { "@octokit/request": "^9.2.3", "@octokit/types": "^14.0.0", "universal-user-agent": "^7.0.0" } }, "sha512-Yi8hcoqsrXGdt0yObxbebHXFOiUA+2v3n53epuOg1QUgOB6c4XzvisBNVXJSl8RYA5KrDuSL2yq9Qmqe5N0ryA=="],

    "@octokit/oauth-app": ["@octokit/oauth-app@7.1.6", "", { "dependencies": { "@octokit/auth-oauth-app": "^8.1.3", "@octokit/auth-oauth-user": "^5.1.3", "@octokit/auth-unauthenticated": "^6.1.2", "@octokit/core": "^6.1.4", "@octokit/oauth-authorization-url": "^7.1.1", "@octokit/oauth-methods": "^5.1.4", "@types/aws-lambda": "^8.10.83", "universal-user-agent": "^7.0.0" } }, "sha512-OMcMzY2WFARg80oJNFwWbY51TBUfLH4JGTy119cqiDawSFXSIBujxmpXiKbGWQlvfn0CxE6f7/+c6+Kr5hI2YA=="],

    "@octokit/oauth-authorization-url": ["@octokit/oauth-authorization-url@7.1.1", "", {}, "sha512-ooXV8GBSabSWyhLUowlMIVd9l1s2nsOGQdlP2SQ4LnkEsGXzeCvbSbCPdZThXhEFzleGPwbapT0Sb+YhXRyjCA=="],

    "@octokit/oauth-methods": ["@octokit/oauth-methods@5.1.5", "", { "dependencies": { "@octokit/oauth-authorization-url": "^7.0.0", "@octokit/request": "^9.2.3", "@octokit/request-error": "^6.1.8", "@octokit/types": "^14.0.0" } }, "sha512-Ev7K8bkYrYLhoOSZGVAGsLEscZQyq7XQONCBBAl2JdMg7IT3PQn/y8P0KjloPoYpI5UylqYrLeUcScaYWXwDvw=="],

    "@octokit/openapi-types": ["@octokit/openapi-types@25.0.0", "", {}, "sha512-FZvktFu7HfOIJf2BScLKIEYjDsw6RKc7rBJCdvCTfKsVnx2GEB/Nbzjr29DUdb7vQhlzS/j8qDzdditP0OC6aw=="],

    "@octokit/openapi-webhooks-types": ["@octokit/openapi-webhooks-types@11.0.0", "", {}, "sha512-ZBzCFj98v3SuRM7oBas6BHZMJRadlnDoeFfvm1olVxZnYeU6Vh97FhPxyS5aLh5pN51GYv2I51l/hVUAVkGBlA=="],

    "@octokit/plugin-paginate-graphql": ["@octokit/plugin-paginate-graphql@5.2.4", "", { "peerDependencies": { "@octokit/core": ">=6" } }, "sha512-pLZES1jWaOynXKHOqdnwZ5ULeVR6tVVCMm+AUbp0htdcyXDU95WbkYdU4R2ej1wKj5Tu94Mee2Ne0PjPO9cCyA=="],

    "@octokit/plugin-paginate-rest": ["@octokit/plugin-paginate-rest@12.0.0", "", { "dependencies": { "@octokit/types": "^14.0.0" }, "peerDependencies": { "@octokit/core": ">=6" } }, "sha512-MPd6WK1VtZ52lFrgZ0R2FlaoiWllzgqFHaSZxvp72NmoDeZ0m8GeJdg4oB6ctqMTYyrnDYp592Xma21mrgiyDA=="],

    "@octokit/plugin-rest-endpoint-methods": ["@octokit/plugin-rest-endpoint-methods@14.0.0", "", { "dependencies": { "@octokit/types": "^14.0.0" }, "peerDependencies": { "@octokit/core": ">=6" } }, "sha512-iQt6ovem4b7zZYZQtdv+PwgbL5VPq37th1m2x2TdkgimIDJpsi2A6Q/OI/23i/hR6z5mL0EgisNR4dcbmckSZQ=="],

    "@octokit/plugin-retry": ["@octokit/plugin-retry@7.2.1", "", { "dependencies": { "@octokit/request-error": "^6.1.8", "@octokit/types": "^14.0.0", "bottleneck": "^2.15.3" }, "peerDependencies": { "@octokit/core": ">=6" } }, "sha512-wUc3gv0D6vNHpGxSaR3FlqJpTXGWgqmk607N9L3LvPL4QjaxDgX/1nY2mGpT37Khn+nlIXdljczkRnNdTTV3/A=="],

    "@octokit/plugin-throttling": ["@octokit/plugin-throttling@10.0.0", "", { "dependencies": { "@octokit/types": "^14.0.0", "bottleneck": "^2.15.3" }, "peerDependencies": { "@octokit/core": "^6.1.3" } }, "sha512-Kuq5/qs0DVYTHZuBAzCZStCzo2nKvVRo/TDNhCcpC2TKiOGz/DisXMCvjt3/b5kr6SCI1Y8eeeJTHBxxpFvZEg=="],

    "@octokit/request": ["@octokit/request@9.2.3", "", { "dependencies": { "@octokit/endpoint": "^10.1.4", "@octokit/request-error": "^6.1.8", "@octokit/types": "^14.0.0", "fast-content-type-parse": "^2.0.0", "universal-user-agent": "^7.0.2" } }, "sha512-Ma+pZU8PXLOEYzsWf0cn/gY+ME57Wq8f49WTXA8FMHp2Ps9djKw//xYJ1je8Hm0pR2lU9FUGeJRWOtxq6olt4w=="],

    "@octokit/request-error": ["@octokit/request-error@6.1.8", "", { "dependencies": { "@octokit/types": "^14.0.0" } }, "sha512-WEi/R0Jmq+IJKydWlKDmryPcmdYSVjL3ekaiEL1L9eo1sUnqMJ+grqmC9cjk7CA7+b2/T397tO5d8YLOH3qYpQ=="],

    "@octokit/types": ["@octokit/types@14.0.0", "", { "dependencies": { "@octokit/openapi-types": "^25.0.0" } }, "sha512-VVmZP0lEhbo2O1pdq63gZFiGCKkm8PPp8AUOijlwPO6hojEVjspA0MWKP7E4hbvGxzFKNqKr6p0IYtOH/Wf/zA=="],

    "@octokit/webhooks": ["@octokit/webhooks@13.9.0", "", { "dependencies": { "@octokit/openapi-webhooks-types": "11.0.0", "@octokit/request-error": "^6.1.7", "@octokit/webhooks-methods": "^5.1.1" } }, "sha512-5Kva+/Gi7c+39d0/0MM/v/5RCZuwqm75fUD+t7Es3Iz/adui54GnjfNmJpkkPkXGC+5IWnEvgqwY6gstK/JlUQ=="],

    "@octokit/webhooks-methods": ["@octokit/webhooks-methods@5.1.1", "", {}, "sha512-NGlEHZDseJTCj8TMMFehzwa9g7On4KJMPVHDSrHxCQumL6uSQR8wIkP/qesv52fXqV1BPf4pTxwtS31ldAt9Xg=="],

    "@repeaterjs/repeater": ["@repeaterjs/repeater@3.0.6", "", {}, "sha512-Javneu5lsuhwNCryN+pXH93VPQ8g0dBX7wItHFgYiwQmzE1sVdg5tWHiOgHywzL2W21XQopa7IwIEnNbmeUJYA=="],

    "@types/aws-lambda": ["@types/aws-lambda@8.10.149", "", {}, "sha512-NXSZIhfJjnXqJgtS7IwutqIF/SOy1Wz5Px4gUY1RWITp3AYTyuJS4xaXr/bIJY1v15XMzrJ5soGnPM+7uigZjA=="],

    "@types/bun": ["@types/bun@1.2.13", "", { "dependencies": { "bun-types": "1.2.13" } }, "sha512-u6vXep/i9VBxoJl3GjZsl/BFIsvML8DfVDO0RYLEwtSZSp981kEO1V5NwRcO1CPJ7AmvpbnDCiMKo3JvbDEjAg=="],

    "@types/node": ["@types/node@22.15.18", "", { "dependencies": { "undici-types": "~6.21.0" } }, "sha512-v1DKRfUdyW+jJhZNEI1PYy29S2YRxMV5AOO/x/SjKmW0acCIOqmbj6Haf9eHAhsPmrhlHSxEhv/1WszcLWV4cg=="],

    "@whatwg-node/disposablestack": ["@whatwg-node/disposablestack@0.0.6", "", { "dependencies": { "@whatwg-node/promise-helpers": "^1.0.0", "tslib": "^2.6.3" } }, "sha512-LOtTn+JgJvX8WfBVJtF08TGrdjuFzGJc4mkP8EdDI8ADbvO7kiexYep1o8dwnt0okb0jYclCDXF13xU7Ge4zSw=="],

    "@whatwg-node/events": ["@whatwg-node/events@0.1.2", "", { "dependencies": { "tslib": "^2.6.3" } }, "sha512-ApcWxkrs1WmEMS2CaLLFUEem/49erT3sxIVjpzU5f6zmVcnijtDSrhoK2zVobOIikZJdH63jdAXOrvjf6eOUNQ=="],

    "@whatwg-node/fetch": ["@whatwg-node/fetch@0.10.7", "", { "dependencies": { "@whatwg-node/node-fetch": "^0.7.19", "urlpattern-polyfill": "^10.0.0" } }, "sha512-sL31zX8BqZovZc38ovBFmKEfao9AzZ/24sWSHKNhDhcnzIO/PYAX2xF6vYtgU9hinrEGlvScTTyKSMynHGdfEA=="],

    "@whatwg-node/node-fetch": ["@whatwg-node/node-fetch@0.7.20", "", { "dependencies": { "@fastify/busboy": "^3.1.1", "@whatwg-node/disposablestack": "^0.0.6", "@whatwg-node/promise-helpers": "^1.3.2", "tslib": "^2.6.3" } }, "sha512-2LI5HkZcdAODb6umb7MUxkWYNUi3j6apgQvIzp+X3w3AVPdvVsshvjaMo4gwLeFtfs+cyMNOLTm9Hhm/TXq6DA=="],

    "@whatwg-node/promise-helpers": ["@whatwg-node/promise-helpers@1.3.2", "", { "dependencies": { "tslib": "^2.6.3" } }, "sha512-Nst5JdK47VIl9UcGwtv2Rcgyn5lWtZ0/mhRQ4G8NN2isxpq2TO30iqHzmwoJycjWuyUfg3GFXqP/gFHXeV57IA=="],

    "@whatwg-node/server": ["@whatwg-node/server@0.10.8", "", { "dependencies": { "@envelop/instrumentation": "^1.0.0", "@whatwg-node/disposablestack": "^0.0.6", "@whatwg-node/fetch": "^0.10.7", "@whatwg-node/promise-helpers": "^1.3.2", "tslib": "^2.6.3" } }, "sha512-MflQk1++e/w944Uu+g3CJIPQXZXj5Ns3E9QbVmSc/7P5D1O6c/YoMaemP3Cg/Ud9ezy48j5DURJ4iba9oSkdbw=="],

    "before-after-hook": ["before-after-hook@3.0.2", "", {}, "sha512-Nik3Sc0ncrMK4UUdXQmAnRtzmNQTAAXmXIopizwZ1W1t8QmfJj+zL4OA2I7XPTPW5z5TDqv4hRo/JzouDJnX3A=="],

    "bottleneck": ["bottleneck@2.19.5", "", {}, "sha512-VHiNCbI1lKdl44tGrhNfU3lup0Tj/ZBMJB5/2ZbNXRCPuRCO7ed2mgcK4r17y+KB2EfuYuRaVlwNbAeaWGSpbw=="],

    "bun-types": ["bun-types@1.2.13", "", { "dependencies": { "@types/node": "*" } }, "sha512-rRjA1T6n7wto4gxhAO/ErZEtOXyEZEmnIHQfl0Dt1QQSB4QV0iP6BZ9/YB5fZaHFQ2dwHFrmPaRQ9GGMX01k9Q=="],

    "cross-inspect": ["cross-inspect@1.0.1", "", { "dependencies": { "tslib": "^2.4.0" } }, "sha512-Pcw1JTvZLSJH83iiGWt6fRcT+BjZlCDRVwYLbUcHzv/CRpB7r0MlSrGbIyQvVSNyGnbt7G4AXuyCiDR3POvZ1A=="],

    "dset": ["dset@3.1.4", "", {}, "sha512-2QF/g9/zTaPDc3BjNcVTGoBbXBgYfMTTceLaYcFJ/W9kggFUkhxD/hMEeuLKbugyef9SqAx8cpgwlIP/jinUTA=="],

    "fast-content-type-parse": ["fast-content-type-parse@2.0.1", "", {}, "sha512-nGqtvLrj5w0naR6tDPfB4cUmYCqouzyQiz6C5y/LtcDllJdrcc6WaWW6iXyIIOErTa/XRybj28aasdn4LkVk6Q=="],

    "graphql": ["graphql@16.11.0", "", {}, "sha512-mS1lbMsxgQj6hge1XZ6p7GPhbrtFwUFYi3wRzXAC/FmYnyXMTvvI3td3rjmQ2u8ewXueaSvRPWaEcgVVOT9Jnw=="],

    "graphql-yoga": ["graphql-yoga@5.13.4", "", { "dependencies": { "@envelop/core": "^5.2.3", "@envelop/instrumentation": "^1.0.0", "@graphql-tools/executor": "^1.4.0", "@graphql-tools/schema": "^10.0.11", "@graphql-tools/utils": "^10.6.2", "@graphql-yoga/logger": "^2.0.1", "@graphql-yoga/subscription": "^5.0.5", "@whatwg-node/fetch": "^0.10.6", "@whatwg-node/promise-helpers": "^1.2.4", "@whatwg-node/server": "^0.10.5", "dset": "^3.1.4", "lru-cache": "^10.0.0", "tslib": "^2.8.1" }, "peerDependencies": { "graphql": "^15.2.0 || ^16.0.0" } }, "sha512-q5l3HEvgXnZCKG6K38fz3XNBX41GkHkIYspJbdVl9QVsm5Ah0EFUkY303tEOx8IucyB0h2hb8OfbYXEcoNCLMw=="],

    "hono": ["hono@4.7.10", "", {}, "sha512-QkACju9MiN59CKSY5JsGZCYmPZkA6sIW6OFCUp7qDjZu6S6KHtJHhAc9Uy9mV9F8PJ1/HQ3ybZF2yjCa/73fvQ=="],

    "lru-cache": ["lru-cache@10.4.3", "", {}, "sha512-JNAzZcXrCt42VGLuYz0zfAzDfAvJWW6AfYlDBQyDV5DClI2m5sAmK+OIO7s59XfsRsWHp02jAJrRadPRGTt6SQ=="],

    "octokit": ["octokit@4.1.3", "", { "dependencies": { "@octokit/app": "^15.1.6", "@octokit/core": "^6.1.5", "@octokit/oauth-app": "^7.1.6", "@octokit/plugin-paginate-graphql": "^5.2.4", "@octokit/plugin-paginate-rest": "^12.0.0", "@octokit/plugin-rest-endpoint-methods": "^14.0.0", "@octokit/plugin-retry": "^7.2.1", "@octokit/plugin-throttling": "^10.0.0", "@octokit/request-error": "^6.1.8", "@octokit/types": "^14.0.0" } }, "sha512-PP+EL8h4xPCE9NBo6jXq6I2/EiTXsn1cg9F0IZehHBv/qhuQpyGMFElEB17miWKciuT6vRHiFFiG9+FoXOmg6A=="],

    "toad-cache": ["toad-cache@3.7.0", "", {}, "sha512-/m8M+2BJUpoJdgAHoG+baCwBT+tf2VraSfkBgl0Y00qIWt41DJ8R5B8nsEw0I58YwF5IZH6z24/2TobDKnqSWw=="],

    "tslib": ["tslib@2.8.1", "", {}, "sha512-oJFu94HQb+KVduSUQL7wnpmqnfmLsOA/nAh6b6EH0wCEoK0/mPeXU6c3wKDV83MkOuHPRHtSXKKU99IBazS/2w=="],

    "typescript": ["typescript@5.8.3", "", { "bin": { "tsc": "bin/tsc", "tsserver": "bin/tsserver" } }, "sha512-p1diW6TqL9L07nNxvRMM7hMMw4c5XOo/1ibL4aAIGmSAt9slTE1Xgw5KWuof2uTOvCg9BY7ZRi+GaF+7sfgPeQ=="],

    "undici-types": ["undici-types@6.21.0", "", {}, "sha512-iwDZqg0QAGrg9Rav5H4n0M64c3mkR59cJ6wQp+7C4nI0gsmExaedaYLNO44eT4AtBBwjbTiGPMlt2Md0T9H9JQ=="],

    "universal-github-app-jwt": ["universal-github-app-jwt@2.2.2", "", {}, "sha512-dcmbeSrOdTnsjGjUfAlqNDJrhxXizjAz94ija9Qw8YkZ1uu0d+GoZzyH+Jb9tIIqvGsadUfwg+22k5aDqqwzbw=="],

    "universal-user-agent": ["universal-user-agent@7.0.3", "", {}, "sha512-TmnEAEAsBJVZM/AADELsK76llnwcf9vMKuPz8JflO1frO8Lchitr0fNaN9d+Ap0BjKtqWqd/J17qeDnXh8CL2A=="],

    "urlpattern-polyfill": ["urlpattern-polyfill@10.1.0", "", {}, "sha512-IGjKp/o0NL3Bso1PymYURCJxMPNAf/ILOpendP9f5B6e1rTJgdgiOvgfoT8VxCAdY+Wisb9uhGaJJf3yZ2V9nw=="],
  }
}
